// !$*UTF8*$!
{
	archiveVersion = 1;
	classes = {
	};
	objectVersion = 55;
	objects = {

/* Begin PBXBuildFile section */
		449A122497759B57A6A93258 /* Pods_MoviesHub.framework in Frameworks */ = {isa = PBXBuildFile; fileRef = 3243244D3EE65CC3B43FEA5F /* Pods_MoviesHub.framework */; };
		D88F9911273025F600087648 /* CoreService.swift in Sources */ = {isa = PBXBuildFile; fileRef = D88F9910273025F600087648 /* CoreService.swift */; };
		D89BD3BE27305210002E93AB /* UIImageViewExtension.swift in Sources */ = {isa = PBXBuildFile; fileRef = D89BD3BD27305210002E93AB /* UIImageViewExtension.swift */; };
		D8C89A7627313873003A2DA8 /* ConnectivityMananger.swift in Sources */ = {isa = PBXBuildFile; fileRef = D8C89A7527313873003A2DA8 /* ConnectivityMananger.swift */; };
		D8C89A78273138EE003A2DA8 /* BaseViewController.swift in Sources */ = {isa = PBXBuildFile; fileRef = D8C89A77273138EE003A2DA8 /* BaseViewController.swift */; };
		D8C89A7B273148DA003A2DA8 /* OfflineBannerView.swift in Sources */ = {isa = PBXBuildFile; fileRef = D8C89A7A273148DA003A2DA8 /* OfflineBannerView.swift */; };
		D8C89A7D273148E5003A2DA8 /* OfflineBannerView.xib in Resources */ = {isa = PBXBuildFile; fileRef = D8C89A7C273148E5003A2DA8 /* OfflineBannerView.xib */; };
		D8C89A7F27317085003A2DA8 /* UIViewExtension.swift in Sources */ = {isa = PBXBuildFile; fileRef = D8C89A7E27317085003A2DA8 /* UIViewExtension.swift */; };
		D8E013CF27271A7B00B4FF51 /* AppDelegate.swift in Sources */ = {isa = PBXBuildFile; fileRef = D8E013CE27271A7B00B4FF51 /* AppDelegate.swift */; };
		D8E013D827271A7D00B4FF51 /* Assets.xcassets in Resources */ = {isa = PBXBuildFile; fileRef = D8E013D727271A7D00B4FF51 /* Assets.xcassets */; };
		D8E013DB27271A7D00B4FF51 /* LaunchScreen.storyboard in Resources */ = {isa = PBXBuildFile; fileRef = D8E013D927271A7D00B4FF51 /* LaunchScreen.storyboard */; };
		D8E013E527271ADD00B4FF51 /* MovieListViewController.swift in Sources */ = {isa = PBXBuildFile; fileRef = D8E013E327271ADD00B4FF51 /* MovieListViewController.swift */; };
		D8E013E627271ADD00B4FF51 /* MovieListViewController.xib in Resources */ = {isa = PBXBuildFile; fileRef = D8E013E427271ADD00B4FF51 /* MovieListViewController.xib */; };
		D8E38D6927283C9C00BE5472 /* archivo-vf-beta.ttf in Resources */ = {isa = PBXBuildFile; fileRef = D8E38D6827283C9C00BE5472 /* archivo-vf-beta.ttf */; };
		D8F9B1CA2729510900CACEFD /* MoviesService.swift in Sources */ = {isa = PBXBuildFile; fileRef = D8F9B1C92729510900CACEFD /* MoviesService.swift */; };
		D8F9B1CD2729527900CACEFD /* Movies.swift in Sources */ = {isa = PBXBuildFile; fileRef = D8F9B1CC2729527900CACEFD /* Movies.swift */; };
		D8F9B1CF2729572100CACEFD /* EndPoints.swift in Sources */ = {isa = PBXBuildFile; fileRef = D8F9B1CE2729572100CACEFD /* EndPoints.swift */; };
		D8F9B1D12729581100CACEFD /* Constants.swift in Sources */ = {isa = PBXBuildFile; fileRef = D8F9B1D02729581100CACEFD /* Constants.swift */; };
		D8F9B1D327298A6900CACEFD /* MovieListInteractor.swift in Sources */ = {isa = PBXBuildFile; fileRef = D8F9B1D227298A6900CACEFD /* MovieListInteractor.swift */; };
		D8F9B1DA27298EF300CACEFD /* MovieTableViewCell.swift in Sources */ = {isa = PBXBuildFile; fileRef = D8F9B1D827298EF300CACEFD /* MovieTableViewCell.swift */; };
		D8F9B1DB27298EF300CACEFD /* MovieTableViewCell.xib in Resources */ = {isa = PBXBuildFile; fileRef = D8F9B1D927298EF300CACEFD /* MovieTableViewCell.xib */; };
		D8F9B1DD2729929E00CACEFD /* MovieListDataSource.swift in Sources */ = {isa = PBXBuildFile; fileRef = D8F9B1DC2729929E00CACEFD /* MovieListDataSource.swift */; };
		D8F9B1DF2729954700CACEFD /* MovieListPresenter.swift in Sources */ = {isa = PBXBuildFile; fileRef = D8F9B1DE2729954700CACEFD /* MovieListPresenter.swift */; };
/* End PBXBuildFile section */

/* Begin PBXFileReference section */
		3243244D3EE65CC3B43FEA5F /* Pods_MoviesHub.framework */ = {isa = PBXFileReference; explicitFileType = wrapper.framework; includeInIndex = 0; path = Pods_MoviesHub.framework; sourceTree = BUILT_PRODUCTS_DIR; };
		594B57471F21EEC938D70C22 /* Pods-MoviesHub.debug.xcconfig */ = {isa = PBXFileReference; includeInIndex = 1; lastKnownFileType = text.xcconfig; name = "Pods-MoviesHub.debug.xcconfig"; path = "Target Support Files/Pods-MoviesHub/Pods-MoviesHub.debug.xcconfig"; sourceTree = "<group>"; };
		D88F9910273025F600087648 /* CoreService.swift */ = {isa = PBXFileReference; lastKnownFileType = sourcecode.swift; path = CoreService.swift; sourceTree = "<group>"; };
		D89BD3BD27305210002E93AB /* UIImageViewExtension.swift */ = {isa = PBXFileReference; lastKnownFileType = sourcecode.swift; path = UIImageViewExtension.swift; sourceTree = "<group>"; };
		D8C89A7527313873003A2DA8 /* ConnectivityMananger.swift */ = {isa = PBXFileReference; lastKnownFileType = sourcecode.swift; path = ConnectivityMananger.swift; sourceTree = "<group>"; };
		D8C89A77273138EE003A2DA8 /* BaseViewController.swift */ = {isa = PBXFileReference; lastKnownFileType = sourcecode.swift; path = BaseViewController.swift; sourceTree = "<group>"; };
		D8C89A7A273148DA003A2DA8 /* OfflineBannerView.swift */ = {isa = PBXFileReference; lastKnownFileType = sourcecode.swift; path = OfflineBannerView.swift; sourceTree = "<group>"; };
		D8C89A7C273148E5003A2DA8 /* OfflineBannerView.xib */ = {isa = PBXFileReference; lastKnownFileType = file.xib; path = OfflineBannerView.xib; sourceTree = "<group>"; };
		D8C89A7E27317085003A2DA8 /* UIViewExtension.swift */ = {isa = PBXFileReference; lastKnownFileType = sourcecode.swift; path = UIViewExtension.swift; sourceTree = "<group>"; };
		D8E013CB27271A7B00B4FF51 /* MoviesHub.app */ = {isa = PBXFileReference; explicitFileType = wrapper.application; includeInIndex = 0; path = MoviesHub.app; sourceTree = BUILT_PRODUCTS_DIR; };
		D8E013CE27271A7B00B4FF51 /* AppDelegate.swift */ = {isa = PBXFileReference; lastKnownFileType = sourcecode.swift; path = AppDelegate.swift; sourceTree = "<group>"; };
		D8E013D727271A7D00B4FF51 /* Assets.xcassets */ = {isa = PBXFileReference; lastKnownFileType = folder.assetcatalog; path = Assets.xcassets; sourceTree = "<group>"; };
		D8E013DA27271A7D00B4FF51 /* Base */ = {isa = PBXFileReference; lastKnownFileType = file.storyboard; name = Base; path = Base.lproj/LaunchScreen.storyboard; sourceTree = "<group>"; };
		D8E013DC27271A7D00B4FF51 /* Info.plist */ = {isa = PBXFileReference; lastKnownFileType = text.plist.xml; name = Info.plist; path = "MoviesHub/Supporting Files/Info.plist"; sourceTree = SOURCE_ROOT; };
		D8E013E327271ADD00B4FF51 /* MovieListViewController.swift */ = {isa = PBXFileReference; lastKnownFileType = sourcecode.swift; path = MovieListViewController.swift; sourceTree = "<group>"; };
		D8E013E427271ADD00B4FF51 /* MovieListViewController.xib */ = {isa = PBXFileReference; lastKnownFileType = file.xib; path = MovieListViewController.xib; sourceTree = "<group>"; };
		D8E38D6827283C9C00BE5472 /* archivo-vf-beta.ttf */ = {isa = PBXFileReference; lastKnownFileType = file; path = "archivo-vf-beta.ttf"; sourceTree = "<group>"; };
		D8F9B1C92729510900CACEFD /* MoviesService.swift */ = {isa = PBXFileReference; lastKnownFileType = sourcecode.swift; path = MoviesService.swift; sourceTree = "<group>"; };
		D8F9B1CC2729527900CACEFD /* Movies.swift */ = {isa = PBXFileReference; lastKnownFileType = sourcecode.swift; path = Movies.swift; sourceTree = "<group>"; };
		D8F9B1CE2729572100CACEFD /* EndPoints.swift */ = {isa = PBXFileReference; lastKnownFileType = sourcecode.swift; path = EndPoints.swift; sourceTree = "<group>"; };
		D8F9B1D02729581100CACEFD /* Constants.swift */ = {isa = PBXFileReference; lastKnownFileType = sourcecode.swift; path = Constants.swift; sourceTree = "<group>"; };
		D8F9B1D227298A6900CACEFD /* MovieListInteractor.swift */ = {isa = PBXFileReference; lastKnownFileType = sourcecode.swift; path = MovieListInteractor.swift; sourceTree = "<group>"; };
		D8F9B1D827298EF300CACEFD /* MovieTableViewCell.swift */ = {isa = PBXFileReference; lastKnownFileType = sourcecode.swift; path = MovieTableViewCell.swift; sourceTree = "<group>"; };
		D8F9B1D927298EF300CACEFD /* MovieTableViewCell.xib */ = {isa = PBXFileReference; lastKnownFileType = file.xib; path = MovieTableViewCell.xib; sourceTree = "<group>"; };
		D8F9B1DC2729929E00CACEFD /* MovieListDataSource.swift */ = {isa = PBXFileReference; lastKnownFileType = sourcecode.swift; path = MovieListDataSource.swift; sourceTree = "<group>"; };
		D8F9B1DE2729954700CACEFD /* MovieListPresenter.swift */ = {isa = PBXFileReference; lastKnownFileType = sourcecode.swift; path = MovieListPresenter.swift; sourceTree = "<group>"; };
		F73F502E0E0DF7730A3B956A /* Pods-MoviesHub.release.xcconfig */ = {isa = PBXFileReference; includeInIndex = 1; lastKnownFileType = text.xcconfig; name = "Pods-MoviesHub.release.xcconfig"; path = "Target Support Files/Pods-MoviesHub/Pods-MoviesHub.release.xcconfig"; sourceTree = "<group>"; };
/* End PBXFileReference section */

/* Begin PBXFrameworksBuildPhase section */
		D8E013C827271A7B00B4FF51 /* Frameworks */ = {
			isa = PBXFrameworksBuildPhase;
			buildActionMask = 2147483647;
			files = (
				449A122497759B57A6A93258 /* Pods_MoviesHub.framework in Frameworks */,
			);
			runOnlyForDeploymentPostprocessing = 0;
		};
/* End PBXFrameworksBuildPhase section */

/* Begin PBXGroup section */
		6C3A0179E57C463269E445ED /* Frameworks */ = {
			isa = PBXGroup;
			children = (
				3243244D3EE65CC3B43FEA5F /* Pods_MoviesHub.framework */,
			);
			name = Frameworks;
			sourceTree = "<group>";
		};
		C6CA347B7A83F9F47A74E2F2 /* Pods */ = {
			isa = PBXGroup;
			children = (
				594B57471F21EEC938D70C22 /* Pods-MoviesHub.debug.xcconfig */,
				F73F502E0E0DF7730A3B956A /* Pods-MoviesHub.release.xcconfig */,
			);
			path = Pods;
			sourceTree = "<group>";
		};
		D829C7852728530C0017B6A6 /* Network */ = {
			isa = PBXGroup;
			children = (
				D8F9B1CE2729572100CACEFD /* EndPoints.swift */,
				D8C89A7527313873003A2DA8 /* ConnectivityMananger.swift */,
				D8F9B1CB2729525E00CACEFD /* Models */,
				D8C89A7427313854003A2DA8 /* Services */,
			);
			path = Network;
			sourceTree = "<group>";
		};
		D89BD3BC273051F0002E93AB /* Extensions */ = {
			isa = PBXGroup;
			children = (
				D89BD3BD27305210002E93AB /* UIImageViewExtension.swift */,
				D8C89A7E27317085003A2DA8 /* UIViewExtension.swift */,
			);
			path = Extensions;
			sourceTree = "<group>";
		};
		D8C89A7427313854003A2DA8 /* Services */ = {
			isa = PBXGroup;
			children = (
				D8F9B1C92729510900CACEFD /* MoviesService.swift */,
				D88F9910273025F600087648 /* CoreService.swift */,
			);
			path = Services;
			sourceTree = "<group>";
		};
		D8C89A79273148A2003A2DA8 /* Offline banner view */ = {
			isa = PBXGroup;
			children = (
				D8C89A7A273148DA003A2DA8 /* OfflineBannerView.swift */,
				D8C89A7C273148E5003A2DA8 /* OfflineBannerView.xib */,
			);
			path = "Offline banner view";
			sourceTree = "<group>";
		};
		D8C89A802731782E003A2DA8 /* Resources */ = {
			isa = PBXGroup;
			children = (
				D8E013D727271A7D00B4FF51 /* Assets.xcassets */,
				D8E013D927271A7D00B4FF51 /* LaunchScreen.storyboard */,
			);
			path = Resources;
			sourceTree = "<group>";
		};
		D8C89A812731784F003A2DA8 /* Supporting Files */ = {
			isa = PBXGroup;
			children = (
				D8E013DC27271A7D00B4FF51 /* Info.plist */,
			);
			path = "Supporting Files";
			sourceTree = "<group>";
		};
		D8E013C227271A7B00B4FF51 = {
			isa = PBXGroup;
			children = (
				D8E013CD27271A7B00B4FF51 /* MoviesHub */,
				D8E013CC27271A7B00B4FF51 /* Products */,
				C6CA347B7A83F9F47A74E2F2 /* Pods */,
				6C3A0179E57C463269E445ED /* Frameworks */,
			);
			sourceTree = "<group>";
		};
		D8E013CC27271A7B00B4FF51 /* Products */ = {
			isa = PBXGroup;
			children = (
				D8E013CB27271A7B00B4FF51 /* MoviesHub.app */,
			);
			name = Products;
			sourceTree = "<group>";
		};
		D8E013CD27271A7B00B4FF51 /* MoviesHub */ = {
			isa = PBXGroup;
			children = (
				D8E38D642728030400BE5472 /* Commun */,
				D829C7852728530C0017B6A6 /* Network */,
				D8E013E227271ABD00B4FF51 /* Scenes */,
				D8E013CE27271A7B00B4FF51 /* AppDelegate.swift */,
				D8C89A802731782E003A2DA8 /* Resources */,
				D8C89A812731784F003A2DA8 /* Supporting Files */,
			);
			path = MoviesHub;
			sourceTree = "<group>";
		};
		D8E013E227271ABD00B4FF51 /* Scenes */ = {
			isa = PBXGroup;
			children = (
				D8E013E727271BB400B4FF51 /* Movie List */,
			);
			path = Scenes;
			sourceTree = "<group>";
		};
		D8E013E727271BB400B4FF51 /* Movie List */ = {
			isa = PBXGroup;
			children = (
				D8E38D652728045200BE5472 /* View */,
				D8F9B1D227298A6900CACEFD /* MovieListInteractor.swift */,
				D8F9B1DE2729954700CACEFD /* MovieListPresenter.swift */,
			);
			path = "Movie List";
			sourceTree = "<group>";
		};
		D8E38D642728030400BE5472 /* Commun */ = {
			isa = PBXGroup;
			children = (
				D8C89A79273148A2003A2DA8 /* Offline banner view */,
				D8C89A77273138EE003A2DA8 /* BaseViewController.swift */,
				D89BD3BC273051F0002E93AB /* Extensions */,
				D8E38D6627283C8800BE5472 /* Utils */,
			);
			path = Commun;
			sourceTree = "<group>";
		};
		D8E38D652728045200BE5472 /* View */ = {
			isa = PBXGroup;
			children = (
				D8E013E327271ADD00B4FF51 /* MovieListViewController.swift */,
				D8E013E427271ADD00B4FF51 /* MovieListViewController.xib */,
				D8F9B1D427298EBA00CACEFD /* TableView */,
			);
			path = View;
			sourceTree = "<group>";
		};
		D8E38D6627283C8800BE5472 /* Utils */ = {
			isa = PBXGroup;
			children = (
				D8F9B1D02729581100CACEFD /* Constants.swift */,
				D8E38D6727283C9200BE5472 /* Fonts */,
			);
			path = Utils;
			sourceTree = "<group>";
		};
		D8E38D6727283C9200BE5472 /* Fonts */ = {
			isa = PBXGroup;
			children = (
				D8E38D6827283C9C00BE5472 /* archivo-vf-beta.ttf */,
			);
			path = Fonts;
			sourceTree = "<group>";
		};
		D8F9B1CB2729525E00CACEFD /* Models */ = {
			isa = PBXGroup;
			children = (
				D8F9B1CC2729527900CACEFD /* Movies.swift */,
			);
			path = Models;
			sourceTree = "<group>";
		};
		D8F9B1D427298EBA00CACEFD /* TableView */ = {
			isa = PBXGroup;
			children = (
				D8F9B1DC2729929E00CACEFD /* MovieListDataSource.swift */,
				D8F9B1D527298EC200CACEFD /* Cell */,
			);
			path = TableView;
			sourceTree = "<group>";
		};
		D8F9B1D527298EC200CACEFD /* Cell */ = {
			isa = PBXGroup;
			children = (
				D8F9B1D827298EF300CACEFD /* MovieTableViewCell.swift */,
				D8F9B1D927298EF300CACEFD /* MovieTableViewCell.xib */,
			);
			path = Cell;
			sourceTree = "<group>";
		};
/* End PBXGroup section */

/* Begin PBXNativeTarget section */
		D8E013CA27271A7B00B4FF51 /* MoviesHub */ = {
			isa = PBXNativeTarget;
			buildConfigurationList = D8E013DF27271A7D00B4FF51 /* Build configuration list for PBXNativeTarget "MoviesHub" */;
			buildPhases = (
				D81373842732A78E0037E269 /* ShellScript */,
				D92FBD5A87F997AD011F765F /* [CP] Check Pods Manifest.lock */,
				D8E013C727271A7B00B4FF51 /* Sources */,
				D8E013C827271A7B00B4FF51 /* Frameworks */,
				D8E013C927271A7B00B4FF51 /* Resources */,
				CF58E369C6092D268AD87FC2 /* [CP] Embed Pods Frameworks */,
			);
			buildRules = (
			);
			dependencies = (
			);
			name = MoviesHub;
			productName = MoviesHub;
			productReference = D8E013CB27271A7B00B4FF51 /* MoviesHub.app */;
			productType = "com.apple.product-type.application";
		};
/* End PBXNativeTarget section */

/* Begin PBXProject section */
		D8E013C327271A7B00B4FF51 /* Project object */ = {
			isa = PBXProject;
			attributes = {
				BuildIndependentTargetsInParallel = 1;
				LastSwiftUpdateCheck = 1300;
				LastUpgradeCheck = 1300;
				TargetAttributes = {
					D8E013CA27271A7B00B4FF51 = {
						CreatedOnToolsVersion = 13.0;
					};
				};
			};
			buildConfigurationList = D8E013C627271A7B00B4FF51 /* Build configuration list for PBXProject "MoviesHub" */;
			compatibilityVersion = "Xcode 13.0";
			developmentRegion = en;
			hasScannedForEncodings = 0;
			knownRegions = (
				en,
				Base,
			);
			mainGroup = D8E013C227271A7B00B4FF51;
			productRefGroup = D8E013CC27271A7B00B4FF51 /* Products */;
			projectDirPath = "";
			projectRoot = "";
			targets = (
				D8E013CA27271A7B00B4FF51 /* MoviesHub */,
			);
		};
/* End PBXProject section */

/* Begin PBXResourcesBuildPhase section */
		D8E013C927271A7B00B4FF51 /* Resources */ = {
			isa = PBXResourcesBuildPhase;
			buildActionMask = 2147483647;
			files = (
				D8E013DB27271A7D00B4FF51 /* LaunchScreen.storyboard in Resources */,
				D8F9B1DB27298EF300CACEFD /* MovieTableViewCell.xib in Resources */,
				D8C89A7D273148E5003A2DA8 /* OfflineBannerView.xib in Resources */,
				D8E38D6927283C9C00BE5472 /* archivo-vf-beta.ttf in Resources */,
				D8E013D827271A7D00B4FF51 /* Assets.xcassets in Resources */,
				D8E013E627271ADD00B4FF51 /* MovieListViewController.xib in Resources */,
			);
			runOnlyForDeploymentPostprocessing = 0;
		};
/* End PBXResourcesBuildPhase section */

/* Begin PBXShellScriptBuildPhase section */
		CF58E369C6092D268AD87FC2 /* [CP] Embed Pods Frameworks */ = {
			isa = PBXShellScriptBuildPhase;
			buildActionMask = 2147483647;
			files = (
			);
			inputFileListPaths = (
				"${PODS_ROOT}/Target Support Files/Pods-MoviesHub/Pods-MoviesHub-frameworks-${CONFIGURATION}-input-files.xcfilelist",
			);
			name = "[CP] Embed Pods Frameworks";
			outputFileListPaths = (
				"${PODS_ROOT}/Target Support Files/Pods-MoviesHub/Pods-MoviesHub-frameworks-${CONFIGURATION}-output-files.xcfilelist",
			);
			runOnlyForDeploymentPostprocessing = 0;
			shellPath = /bin/sh;
			shellScript = "\"${PODS_ROOT}/Target Support Files/Pods-MoviesHub/Pods-MoviesHub-frameworks.sh\"\n";
			showEnvVarsInLog = 0;
		};
		D81373842732A78E0037E269 /* ShellScript */ = {
			isa = PBXShellScriptBuildPhase;
			buildActionMask = 2147483647;
			files = (
			);
			inputFileListPaths = (
			);
			inputPaths = (
			);
			outputFileListPaths = (
			);
			outputPaths = (
			);
			runOnlyForDeploymentPostprocessing = 0;
			shellPath = /bin/sh;
			shellScript = "\"${PODS_ROOT}/SwiftLint/swiftlint\"\n";
		};
		D92FBD5A87F997AD011F765F /* [CP] Check Pods Manifest.lock */ = {
			isa = PBXShellScriptBuildPhase;
			buildActionMask = 2147483647;
			files = (
			);
			inputFileListPaths = (
			);
			inputPaths = (
				"${PODS_PODFILE_DIR_PATH}/Podfile.lock",
				"${PODS_ROOT}/Manifest.lock",
			);
			name = "[CP] Check Pods Manifest.lock";
			outputFileListPaths = (
			);
			outputPaths = (
				"$(DERIVED_FILE_DIR)/Pods-MoviesHub-checkManifestLockResult.txt",
			);
			runOnlyForDeploymentPostprocessing = 0;
			shellPath = /bin/sh;
			shellScript = "diff \"${PODS_PODFILE_DIR_PATH}/Podfile.lock\" \"${PODS_ROOT}/Manifest.lock\" > /dev/null\nif [ $? != 0 ] ; then\n    # print error to STDERR\n    echo \"error: The sandbox is not in sync with the Podfile.lock. Run 'pod install' or update your CocoaPods installation.\" >&2\n    exit 1\nfi\n# This output is used by Xcode 'outputs' to avoid re-running this script phase.\necho \"SUCCESS\" > \"${SCRIPT_OUTPUT_FILE_0}\"\n";
			showEnvVarsInLog = 0;
		};
/* End PBXShellScriptBuildPhase section */

/* Begin PBXSourcesBuildPhase section */
		D8E013C727271A7B00B4FF51 /* Sources */ = {
			isa = PBXSourcesBuildPhase;
			buildActionMask = 2147483647;
			files = (
				D8E013E527271ADD00B4FF51 /* MovieListViewController.swift in Sources */,
				D8F9B1D327298A6900CACEFD /* MovieListInteractor.swift in Sources */,
				D89BD3BE27305210002E93AB /* UIImageViewExtension.swift in Sources */,
				D8F9B1DD2729929E00CACEFD /* MovieListDataSource.swift in Sources */,
				D88F9911273025F600087648 /* CoreService.swift in Sources */,
				D8C89A78273138EE003A2DA8 /* BaseViewController.swift in Sources */,
				D8C89A7F27317085003A2DA8 /* UIViewExtension.swift in Sources */,
				D8F9B1CF2729572100CACEFD /* EndPoints.swift in Sources */,
				D8E013CF27271A7B00B4FF51 /* AppDelegate.swift in Sources */,
				D8F9B1CD2729527900CACEFD /* Movies.swift in Sources */,
				D8F9B1CA2729510900CACEFD /* MoviesService.swift in Sources */,
				D8F9B1DA27298EF300CACEFD /* MovieTableViewCell.swift in Sources */,
				D8F9B1D12729581100CACEFD /* Constants.swift in Sources */,
				D8C89A7627313873003A2DA8 /* ConnectivityMananger.swift in Sources */,
				D8C89A7B273148DA003A2DA8 /* OfflineBannerView.swift in Sources */,
				D8F9B1DF2729954700CACEFD /* MovieListPresenter.swift in Sources */,
			);
			runOnlyForDeploymentPostprocessing = 0;
		};
/* End PBXSourcesBuildPhase section */

/* Begin PBXVariantGroup section */
		D8E013D927271A7D00B4FF51 /* LaunchScreen.storyboard */ = {
			isa = PBXVariantGroup;
			children = (
				D8E013DA27271A7D00B4FF51 /* Base */,
			);
			name = LaunchScreen.storyboard;
			sourceTree = "<group>";
		};
/* End PBXVariantGroup section */

/* Begin XCBuildConfiguration section */
		D8E013DD27271A7D00B4FF51 /* Debug */ = {
			isa = XCBuildConfiguration;
			buildSettings = {
				ALWAYS_SEARCH_USER_PATHS = NO;
				CLANG_ANALYZER_NONNULL = YES;
				CLANG_ANALYZER_NUMBER_OBJECT_CONVERSION = YES_AGGRESSIVE;
				CLANG_CXX_LANGUAGE_STANDARD = "gnu++17";
				CLANG_CXX_LIBRARY = "libc++";
				CLANG_ENABLE_MODULES = YES;
				CLANG_ENABLE_OBJC_ARC = YES;
				CLANG_ENABLE_OBJC_WEAK = YES;
				CLANG_WARN_BLOCK_CAPTURE_AUTORELEASING = YES;
				CLANG_WARN_BOOL_CONVERSION = YES;
				CLANG_WARN_COMMA = YES;
				CLANG_WARN_CONSTANT_CONVERSION = YES;
				CLANG_WARN_DEPRECATED_OBJC_IMPLEMENTATIONS = YES;
				CLANG_WARN_DIRECT_OBJC_ISA_USAGE = YES_ERROR;
				CLANG_WARN_DOCUMENTATION_COMMENTS = YES;
				CLANG_WARN_EMPTY_BODY = YES;
				CLANG_WARN_ENUM_CONVERSION = YES;
				CLANG_WARN_INFINITE_RECURSION = YES;
				CLANG_WARN_INT_CONVERSION = YES;
				CLANG_WARN_NON_LITERAL_NULL_CONVERSION = YES;
				CLANG_WARN_OBJC_IMPLICIT_RETAIN_SELF = YES;
				CLANG_WARN_OBJC_LITERAL_CONVERSION = YES;
				CLANG_WARN_OBJC_ROOT_CLASS = YES_ERROR;
				CLANG_WARN_QUOTED_INCLUDE_IN_FRAMEWORK_HEADER = YES;
				CLANG_WARN_RANGE_LOOP_ANALYSIS = YES;
				CLANG_WARN_STRICT_PROTOTYPES = YES;
				CLANG_WARN_SUSPICIOUS_MOVE = YES;
				CLANG_WARN_UNGUARDED_AVAILABILITY = YES_AGGRESSIVE;
				CLANG_WARN_UNREACHABLE_CODE = YES;
				CLANG_WARN__DUPLICATE_METHOD_MATCH = YES;
				COPY_PHASE_STRIP = NO;
				DEBUG_INFORMATION_FORMAT = dwarf;
				ENABLE_STRICT_OBJC_MSGSEND = YES;
				ENABLE_TESTABILITY = YES;
				GCC_C_LANGUAGE_STANDARD = gnu11;
				GCC_DYNAMIC_NO_PIC = NO;
				GCC_NO_COMMON_BLOCKS = YES;
				GCC_OPTIMIZATION_LEVEL = 0;
				GCC_PREPROCESSOR_DEFINITIONS = (
					"DEBUG=1",
					"$(inherited)",
				);
				GCC_WARN_64_TO_32_BIT_CONVERSION = YES;
				GCC_WARN_ABOUT_RETURN_TYPE = YES_ERROR;
				GCC_WARN_UNDECLARED_SELECTOR = YES;
				GCC_WARN_UNINITIALIZED_AUTOS = YES_AGGRESSIVE;
				GCC_WARN_UNUSED_FUNCTION = YES;
				GCC_WARN_UNUSED_VARIABLE = YES;
				IPHONEOS_DEPLOYMENT_TARGET = 13.0;
				MTL_ENABLE_DEBUG_INFO = INCLUDE_SOURCE;
				MTL_FAST_MATH = YES;
				ONLY_ACTIVE_ARCH = YES;
				SDKROOT = iphoneos;
				SWIFT_ACTIVE_COMPILATION_CONDITIONS = DEBUG;
				SWIFT_OPTIMIZATION_LEVEL = "-Onone";
			};
			name = Debug;
		};
		D8E013DE27271A7D00B4FF51 /* Release */ = {
			isa = XCBuildConfiguration;
			buildSettings = {
				ALWAYS_SEARCH_USER_PATHS = NO;
				CLANG_ANALYZER_NONNULL = YES;
				CLANG_ANALYZER_NUMBER_OBJECT_CONVERSION = YES_AGGRESSIVE;
				CLANG_CXX_LANGUAGE_STANDARD = "gnu++17";
				CLANG_CXX_LIBRARY = "libc++";
				CLANG_ENABLE_MODULES = YES;
				CLANG_ENABLE_OBJC_ARC = YES;
				CLANG_ENABLE_OBJC_WEAK = YES;
				CLANG_WARN_BLOCK_CAPTURE_AUTORELEASING = YES;
				CLANG_WARN_BOOL_CONVERSION = YES;
				CLANG_WARN_COMMA = YES;
				CLANG_WARN_CONSTANT_CONVERSION = YES;
				CLANG_WARN_DEPRECATED_OBJC_IMPLEMENTATIONS = YES;
				CLANG_WARN_DIRECT_OBJC_ISA_USAGE = YES_ERROR;
				CLANG_WARN_DOCUMENTATION_COMMENTS = YES;
				CLANG_WARN_EMPTY_BODY = YES;
				CLANG_WARN_ENUM_CONVERSION = YES;
				CLANG_WARN_INFINITE_RECURSION = YES;
				CLANG_WARN_INT_CONVERSION = YES;
				CLANG_WARN_NON_LITERAL_NULL_CONVERSION = YES;
				CLANG_WARN_OBJC_IMPLICIT_RETAIN_SELF = YES;
				CLANG_WARN_OBJC_LITERAL_CONVERSION = YES;
				CLANG_WARN_OBJC_ROOT_CLASS = YES_ERROR;
				CLANG_WARN_QUOTED_INCLUDE_IN_FRAMEWORK_HEADER = YES;
				CLANG_WARN_RANGE_LOOP_ANALYSIS = YES;
				CLANG_WARN_STRICT_PROTOTYPES = YES;
				CLANG_WARN_SUSPICIOUS_MOVE = YES;
				CLANG_WARN_UNGUARDED_AVAILABILITY = YES_AGGRESSIVE;
				CLANG_WARN_UNREACHABLE_CODE = YES;
				CLANG_WARN__DUPLICATE_METHOD_MATCH = YES;
				COPY_PHASE_STRIP = NO;
				DEBUG_INFORMATION_FORMAT = "dwarf-with-dsym";
				ENABLE_NS_ASSERTIONS = NO;
				ENABLE_STRICT_OBJC_MSGSEND = YES;
				GCC_C_LANGUAGE_STANDARD = gnu11;
				GCC_NO_COMMON_BLOCKS = YES;
				GCC_WARN_64_TO_32_BIT_CONVERSION = YES;
				GCC_WARN_ABOUT_RETURN_TYPE = YES_ERROR;
				GCC_WARN_UNDECLARED_SELECTOR = YES;
				GCC_WARN_UNINITIALIZED_AUTOS = YES_AGGRESSIVE;
				GCC_WARN_UNUSED_FUNCTION = YES;
				GCC_WARN_UNUSED_VARIABLE = YES;
				IPHONEOS_DEPLOYMENT_TARGET = 13.0;
				MTL_ENABLE_DEBUG_INFO = NO;
				MTL_FAST_MATH = YES;
				SDKROOT = iphoneos;
				SWIFT_COMPILATION_MODE = wholemodule;
				SWIFT_OPTIMIZATION_LEVEL = "-O";
				VALIDATE_PRODUCT = YES;
			};
			name = Release;
		};
		D8E013E027271A7D00B4FF51 /* Debug */ = {
			isa = XCBuildConfiguration;
			baseConfigurationReference = 594B57471F21EEC938D70C22 /* Pods-MoviesHub.debug.xcconfig */;
			buildSettings = {
				ASSETCATALOG_COMPILER_APPICON_NAME = AppIcon;
				ASSETCATALOG_COMPILER_GLOBAL_ACCENT_COLOR_NAME = AccentColor;
				CODE_SIGN_STYLE = Automatic;
				CURRENT_PROJECT_VERSION = 1;
				DEVELOPMENT_TEAM = QC95QGFQH9;
				GENERATE_INFOPLIST_FILE = YES;
				INFOPLIST_FILE = "MoviesHub/Supporting Files/Info.plist";
				INFOPLIST_KEY_UIApplicationSupportsIndirectInputEvents = YES;
				INFOPLIST_KEY_UILaunchStoryboardName = LaunchScreen;
				INFOPLIST_KEY_UISupportedInterfaceOrientations_iPad = "UIInterfaceOrientationPortrait UIInterfaceOrientationPortraitUpsideDown UIInterfaceOrientationLandscapeLeft UIInterfaceOrientationLandscapeRight";
				INFOPLIST_KEY_UISupportedInterfaceOrientations_iPhone = "UIInterfaceOrientationPortrait UIInterfaceOrientationLandscapeLeft UIInterfaceOrientationLandscapeRight";
				LD_RUNPATH_SEARCH_PATHS = (
					"$(inherited)",
					"@executable_path/Frameworks",
				);
				MARKETING_VERSION = 1.0;
				PRODUCT_BUNDLE_IDENTIFIER = "com.this-not-a-bot.MoviesHub";
				PRODUCT_NAME = "$(TARGET_NAME)";
				SWIFT_EMIT_LOC_STRINGS = YES;
				SWIFT_VERSION = 5.0;
				TARGETED_DEVICE_FAMILY = "1,2";
			};
			name = Debug;
		};
		D8E013E127271A7D00B4FF51 /* Release */ = {
			isa = XCBuildConfiguration;
			baseConfigurationReference = F73F502E0E0DF7730A3B956A /* Pods-MoviesHub.release.xcconfig */;
			buildSettings = {
				ASSETCATALOG_COMPILER_APPICON_NAME = AppIcon;
				ASSETCATALOG_COMPILER_GLOBAL_ACCENT_COLOR_NAME = AccentColor;
				CODE_SIGN_STYLE = Automatic;
				CURRENT_PROJECT_VERSION = 1;
				DEVELOPMENT_TEAM = QC95QGFQH9;
				GENERATE_INFOPLIST_FILE = YES;
				INFOPLIST_FILE = "MoviesHub/Supporting Files/Info.plist";
				INFOPLIST_KEY_UIApplicationSupportsIndirectInputEvents = YES;
				INFOPLIST_KEY_UILaunchStoryboardName = LaunchScreen;
				INFOPLIST_KEY_UISupportedInterfaceOrientations_iPad = "UIInterfaceOrientationPortrait UIInterfaceOrientationPortraitUpsideDown UIInterfaceOrientationLandscapeLeft UIInterfaceOrientationLandscapeRight";
				INFOPLIST_KEY_UISupportedInterfaceOrientations_iPhone = "UIInterfaceOrientationPortrait UIInterfaceOrientationLandscapeLeft UIInterfaceOrientationLandscapeRight";
				LD_RUNPATH_SEARCH_PATHS = (
					"$(inherited)",
					"@executable_path/Frameworks",
				);
				MARKETING_VERSION = 1.0;
				PRODUCT_BUNDLE_IDENTIFIER = "com.this-not-a-bot.MoviesHub";
				PRODUCT_NAME = "$(TARGET_NAME)";
				SWIFT_EMIT_LOC_STRINGS = YES;
				SWIFT_VERSION = 5.0;
				TARGETED_DEVICE_FAMILY = "1,2";
			};
			name = Release;
		};
/* End XCBuildConfiguration section */

/* Begin XCConfigurationList section */
		D8E013C627271A7B00B4FF51 /* Build configuration list for PBXProject "MoviesHub" */ = {
			isa = XCConfigurationList;
			buildConfigurations = (
				D8E013DD27271A7D00B4FF51 /* Debug */,
				D8E013DE27271A7D00B4FF51 /* Release */,
			);
			defaultConfigurationIsVisible = 0;
			defaultConfigurationName = Release;
		};
		D8E013DF27271A7D00B4FF51 /* Build configuration list for PBXNativeTarget "MoviesHub" */ = {
			isa = XCConfigurationList;
			buildConfigurations = (
				D8E013E027271A7D00B4FF51 /* Debug */,
				D8E013E127271A7D00B4FF51 /* Release */,
			);
			defaultConfigurationIsVisible = 0;
			defaultConfigurationName = Release;
		};
/* End XCConfigurationList section */
	};
	rootObject = D8E013C327271A7B00B4FF51 /* Project object */;
}
